// !$*UTF8*$!
{
	archiveVersion = 1;
	classes = {
	};
	objectVersion = 77;
	objects = {

/* Begin PBXBuildFile section */
		98C1CABC2D71B0D900C3492C /* StorytellerApp.swift in Sources */ = {isa = PBXBuildFile; fileRef = 98C1CAB92D71B0D900C3492C /* StorytellerApp.swift */; };
		98C1CAE72D71B1C800C3492C /* Item.swift in Sources */ = {isa = PBXBuildFile; fileRef = 98C1CAE22D71B1C800C3492C /* Item.swift */; };
		98C1CAE82D71B1C800C3492C /* ContentView.swift in Sources */ = {isa = PBXBuildFile; fileRef = 98C1CAE12D71B1C800C3492C /* ContentView.swift */; };
		98C1CAE92D71B1C800C3492C /* Preview Assets.xcassets in Resources */ = {isa = PBXBuildFile; fileRef = 98C1CAE32D71B1C800C3492C /* Preview Assets.xcassets */; };
		98C1CAEA2D71B1C800C3492C /* Assets.xcassets in Resources */ = {isa = PBXBuildFile; fileRef = 98C1CAE52D71B1C800C3492C /* Assets.xcassets */; };
		98C1CAFC2D71C62500C3492C /* StoryPreset.swift in Sources */ = {isa = PBXBuildFile; fileRef = 98C1CAFB2D71C62500C3492C /* StoryPreset.swift */; };
		98C1CAFD2D71C62500C3492C /* StoryPreset.swift in Sources */ = {isa = PBXBuildFile; fileRef = 98C1CAFB2D71C62500C3492C /* StoryPreset.swift */; };
		98C1CAFF2D71C68300C3492C /* StoryStyle.swift in Sources */ = {isa = PBXBuildFile; fileRef = 98C1CAFE2D71C68300C3492C /* StoryStyle.swift */; };
		98C1CB002D71C68300C3492C /* StoryStyle.swift in Sources */ = {isa = PBXBuildFile; fileRef = 98C1CAFE2D71C68300C3492C /* StoryStyle.swift */; };
		98C1CB022D71CE6700C3492C /* HomeScreen.swift in Sources */ = {isa = PBXBuildFile; fileRef = 98C1CB012D71CE6700C3492C /* HomeScreen.swift */; };
		98C1CB032D71CE6700C3492C /* HomeScreen.swift in Sources */ = {isa = PBXBuildFile; fileRef = 98C1CB012D71CE6700C3492C /* HomeScreen.swift */; };
		98CEA6D72D731FD80012F1E9 /* Config.swift in Sources */ = {isa = PBXBuildFile; fileRef = 98CEA6D62D731FD80012F1E9 /* Config.swift */; };
		98CEA6DA2D7320570012F1E9 /* OpenAIService.swift in Sources */ = {isa = PBXBuildFile; fileRef = 98CEA6D92D7320570012F1E9 /* OpenAIService.swift */; };
/* End PBXBuildFile section */

/* Begin PBXContainerItemProxy section */
		98C1CA242D71951000C3492C /* PBXContainerItemProxy */ = {
			isa = PBXContainerItemProxy;
			containerPortal = 98C1CA072D71950F00C3492C /* Project object */;
			proxyType = 1;
			remoteGlobalIDString = 98C1CA0E2D71950F00C3492C;
			remoteInfo = storyteller;
		};
		98C1CA2E2D71951100C3492C /* PBXContainerItemProxy */ = {
			isa = PBXContainerItemProxy;
			containerPortal = 98C1CA072D71950F00C3492C /* Project object */;
			proxyType = 1;
			remoteGlobalIDString = 98C1CA0E2D71950F00C3492C;
			remoteInfo = storyteller;
		};
/* End PBXContainerItemProxy section */

/* Begin PBXFileReference section */
		98C1CA0F2D71950F00C3492C /* storyteller.app */ = {isa = PBXFileReference; explicitFileType = wrapper.application; includeInIndex = 0; path = storyteller.app; sourceTree = BUILT_PRODUCTS_DIR; };
		98C1CA232D71951000C3492C /* storytellerTests.xctest */ = {isa = PBXFileReference; explicitFileType = wrapper.cfbundle; includeInIndex = 0; path = storytellerTests.xctest; sourceTree = BUILT_PRODUCTS_DIR; };
		98C1CA2D2D71951100C3492C /* storytellerUITests.xctest */ = {isa = PBXFileReference; explicitFileType = wrapper.cfbundle; includeInIndex = 0; path = storytellerUITests.xctest; sourceTree = BUILT_PRODUCTS_DIR; };
		98C1CAB72D71B0D900C3492C /* Info.plist */ = {isa = PBXFileReference; lastKnownFileType = text.plist.xml; path = Info.plist; sourceTree = "<group>"; };
		98C1CAB82D71B0D900C3492C /* storyteller.entitlements */ = {isa = PBXFileReference; lastKnownFileType = text.plist.entitlements; path = storyteller.entitlements; sourceTree = "<group>"; };
		98C1CAB92D71B0D900C3492C /* StorytellerApp.swift */ = {isa = PBXFileReference; lastKnownFileType = sourcecode.swift; path = StorytellerApp.swift; sourceTree = "<group>"; };
		98C1CAE12D71B1C800C3492C /* ContentView.swift */ = {isa = PBXFileReference; lastKnownFileType = sourcecode.swift; path = ContentView.swift; sourceTree = "<group>"; };
		98C1CAE22D71B1C800C3492C /* Item.swift */ = {isa = PBXFileReference; lastKnownFileType = sourcecode.swift; path = Item.swift; sourceTree = "<group>"; };
		98C1CAE32D71B1C800C3492C /* Preview Assets.xcassets */ = {isa = PBXFileReference; lastKnownFileType = folder.assetcatalog; path = "Preview Assets.xcassets"; sourceTree = "<group>"; };
		98C1CAE52D71B1C800C3492C /* Assets.xcassets */ = {isa = PBXFileReference; lastKnownFileType = folder.assetcatalog; path = Assets.xcassets; sourceTree = "<group>"; };
		98C1CAFB2D71C62500C3492C /* StoryPreset.swift */ = {isa = PBXFileReference; lastKnownFileType = sourcecode.swift; path = StoryPreset.swift; sourceTree = "<group>"; };
		98C1CAFE2D71C68300C3492C /* StoryStyle.swift */ = {isa = PBXFileReference; lastKnownFileType = sourcecode.swift; path = StoryStyle.swift; sourceTree = "<group>"; };
		98C1CB012D71CE6700C3492C /* HomeScreen.swift */ = {isa = PBXFileReference; lastKnownFileType = sourcecode.swift; path = HomeScreen.swift; sourceTree = "<group>"; };
		98CEA6D62D731FD80012F1E9 /* Config.swift */ = {isa = PBXFileReference; lastKnownFileType = sourcecode.swift; path = Config.swift; sourceTree = "<group>"; };
		98CEA6D92D7320570012F1E9 /* OpenAIService.swift */ = {isa = PBXFileReference; lastKnownFileType = sourcecode.swift; path = OpenAIService.swift; sourceTree = "<group>"; };
/* End PBXFileReference section */

/* Begin PBXFileSystemSynchronizedRootGroup section */
		98C1CA262D71951000C3492C /* storytellerTests */ = {
			isa = PBXFileSystemSynchronizedRootGroup;
			path = storytellerTests;
			sourceTree = "<group>";
		};
		98C1CA302D71951100C3492C /* storytellerUITests */ = {
			isa = PBXFileSystemSynchronizedRootGroup;
			path = storytellerUITests;
			sourceTree = "<group>";
		};
/* End PBXFileSystemSynchronizedRootGroup section */

/* Begin PBXFrameworksBuildPhase section */
		98C1CA0C2D71950F00C3492C /* Frameworks */ = {
			isa = PBXFrameworksBuildPhase;
			buildActionMask = 2147483647;
			files = (
			);
			runOnlyForDeploymentPostprocessing = 0;
		};
		98C1CA202D71951000C3492C /* Frameworks */ = {
			isa = PBXFrameworksBuildPhase;
			buildActionMask = 2147483647;
			files = (
			);
			runOnlyForDeploymentPostprocessing = 0;
		};
		98C1CA2A2D71951000C3492C /* Frameworks */ = {
			isa = PBXFrameworksBuildPhase;
			buildActionMask = 2147483647;
			files = (
			);
			runOnlyForDeploymentPostprocessing = 0;
		};
/* End PBXFrameworksBuildPhase section */

/* Begin PBXGroup section */
		98C1CA062D71950F00C3492C = {
			isa = PBXGroup;
			children = (
				98C1CADF2D71B1AC00C3492C /* storyteller */,
				98C1CA262D71951000C3492C /* storytellerTests */,
				98C1CA302D71951100C3492C /* storytellerUITests */,
				98CEA6CF2D7311840012F1E9 /* Frameworks */,
				98C1CA102D71950F00C3492C /* Products */,
			);
			sourceTree = "<group>";
		};
		98C1CA102D71950F00C3492C /* Products */ = {
			isa = PBXGroup;
			children = (
				98C1CA0F2D71950F00C3492C /* storyteller.app */,
				98C1CA232D71951000C3492C /* storytellerTests.xctest */,
				98C1CA2D2D71951100C3492C /* storytellerUITests.xctest */,
			);
			name = Products;
			sourceTree = "<group>";
		};
		98C1CADF2D71B1AC00C3492C /* storyteller */ = {
			isa = PBXGroup;
			children = (
				98C1CAB92D71B0D900C3492C /* StorytellerApp.swift */,
				98CEA6D62D731FD80012F1E9 /* Config.swift */,
				98C1CAE12D71B1C800C3492C /* ContentView.swift */,
				98C1CAE22D71B1C800C3492C /* Item.swift */,
				98C1CAF72D71C57900C3492C /* Core */,
				98CEA6D82D7320350012F1E9 /* Service */,
				98C1CAED2D71B20D00C3492C /* Feature */,
				98C1CAEE2D71B22900C3492C /* Resource */,
				98C1CAEF2D71B25800C3492C /* Preview Content */,
				98C1CAB72D71B0D900C3492C /* Info.plist */,
				98C1CAB82D71B0D900C3492C /* storyteller.entitlements */,
			);
			path = storyteller;
			sourceTree = "<group>";
		};
		98C1CAED2D71B20D00C3492C /* Feature */ = {
			isa = PBXGroup;
			children = (
				98C1CB012D71CE6700C3492C /* HomeScreen.swift */,
			);
			path = Feature;
			sourceTree = "<group>";
		};
		98C1CAEE2D71B22900C3492C /* Resource */ = {
			isa = PBXGroup;
			children = (
				98C1CAE52D71B1C800C3492C /* Assets.xcassets */,
			);
			path = Resource;
			sourceTree = "<group>";
		};
		98C1CAEF2D71B25800C3492C /* Preview Content */ = {
			isa = PBXGroup;
			children = (
				98C1CAE32D71B1C800C3492C /* Preview Assets.xcassets */,
			);
			path = "Preview Content";
			sourceTree = "<group>";
		};
		98C1CAF72D71C57900C3492C /* Core */ = {
			isa = PBXGroup;
			children = (
				98C1CAF82D71C58300C3492C /* Enum */,
			);
			path = Core;
			sourceTree = "<group>";
		};
		98C1CAF82D71C58300C3492C /* Enum */ = {
			isa = PBXGroup;
			children = (
				98C1CAFB2D71C62500C3492C /* StoryPreset.swift */,
				98C1CAFE2D71C68300C3492C /* StoryStyle.swift */,
			);
			path = Enum;
			sourceTree = "<group>";
		};
		98CEA6CF2D7311840012F1E9 /* Frameworks */ = {
			isa = PBXGroup;
			children = (
			);
			name = Frameworks;
			sourceTree = "<group>";
		};
		98CEA6D82D7320350012F1E9 /* Service */ = {
			isa = PBXGroup;
			children = (
				98CEA6D92D7320570012F1E9 /* OpenAIService.swift */,
			);
			path = Service;
			sourceTree = "<group>";
		};
/* End PBXGroup section */

/* Begin PBXNativeTarget section */
		98C1CA0E2D71950F00C3492C /* storyteller */ = {
			isa = PBXNativeTarget;
			buildConfigurationList = 98C1CA362D71951100C3492C /* Build configuration list for PBXNativeTarget "storyteller" */;
			buildPhases = (
				98C1CA0B2D71950F00C3492C /* Sources */,
				98C1CA0C2D71950F00C3492C /* Frameworks */,
				98C1CA0D2D71950F00C3492C /* Resources */,
			);
			buildRules = (
			);
			dependencies = (
			);
			name = storyteller;
			packageProductDependencies = (
			);
			productName = storyteller;
			productReference = 98C1CA0F2D71950F00C3492C /* storyteller.app */;
			productType = "com.apple.product-type.application";
		};
		98C1CA222D71951000C3492C /* storytellerTests */ = {
			isa = PBXNativeTarget;
			buildConfigurationList = 98C1CA3B2D71951100C3492C /* Build configuration list for PBXNativeTarget "storytellerTests" */;
			buildPhases = (
				98C1CA1F2D71951000C3492C /* Sources */,
				98C1CA202D71951000C3492C /* Frameworks */,
				98C1CA212D71951000C3492C /* Resources */,
			);
			buildRules = (
			);
			dependencies = (
				98C1CA252D71951000C3492C /* PBXTargetDependency */,
			);
			fileSystemSynchronizedGroups = (
				98C1CA262D71951000C3492C /* storytellerTests */,
			);
			name = storytellerTests;
			packageProductDependencies = (
			);
			productName = storytellerTests;
			productReference = 98C1CA232D71951000C3492C /* storytellerTests.xctest */;
			productType = "com.apple.product-type.bundle.unit-test";
		};
		98C1CA2C2D71951000C3492C /* storytellerUITests */ = {
			isa = PBXNativeTarget;
			buildConfigurationList = 98C1CA3E2D71951100C3492C /* Build configuration list for PBXNativeTarget "storytellerUITests" */;
			buildPhases = (
				98C1CA292D71951000C3492C /* Sources */,
				98C1CA2A2D71951000C3492C /* Frameworks */,
				98C1CA2B2D71951000C3492C /* Resources */,
			);
			buildRules = (
			);
			dependencies = (
				98C1CA2F2D71951100C3492C /* PBXTargetDependency */,
			);
			fileSystemSynchronizedGroups = (
				98C1CA302D71951100C3492C /* storytellerUITests */,
			);
			name = storytellerUITests;
			packageProductDependencies = (
			);
			productName = storytellerUITests;
			productReference = 98C1CA2D2D71951100C3492C /* storytellerUITests.xctest */;
			productType = "com.apple.product-type.bundle.ui-testing";
		};
/* End PBXNativeTarget section */

/* Begin PBXProject section */
		98C1CA072D71950F00C3492C /* Project object */ = {
			isa = PBXProject;
			attributes = {
				BuildIndependentTargetsInParallel = 1;
				LastSwiftUpdateCheck = 1610;
				LastUpgradeCheck = 1610;
				TargetAttributes = {
					98C1CA0E2D71950F00C3492C = {
						CreatedOnToolsVersion = 16.1;
					};
					98C1CA222D71951000C3492C = {
						CreatedOnToolsVersion = 16.1;
						TestTargetID = 98C1CA0E2D71950F00C3492C;
					};
					98C1CA2C2D71951000C3492C = {
						CreatedOnToolsVersion = 16.1;
						TestTargetID = 98C1CA0E2D71950F00C3492C;
					};
				};
			};
			buildConfigurationList = 98C1CA0A2D71950F00C3492C /* Build configuration list for PBXProject "storyteller" */;
			developmentRegion = en;
			hasScannedForEncodings = 0;
			knownRegions = (
				en,
				Base,
			);
			mainGroup = 98C1CA062D71950F00C3492C;
			minimizedProjectReferenceProxies = 1;
			packageReferences = (
				98CEA6D52D7315230012F1E9 /* XCRemoteSwiftPackageReference "swift-composable-architecture" */,
			);
			preferredProjectObjectVersion = 77;
			productRefGroup = 98C1CA102D71950F00C3492C /* Products */;
			projectDirPath = "";
			projectRoot = "";
			targets = (
				98C1CA0E2D71950F00C3492C /* storyteller */,
				98C1CA222D71951000C3492C /* storytellerTests */,
				98C1CA2C2D71951000C3492C /* storytellerUITests */,
			);
		};
/* End PBXProject section */

/* Begin PBXResourcesBuildPhase section */
		98C1CA0D2D71950F00C3492C /* Resources */ = {
			isa = PBXResourcesBuildPhase;
			buildActionMask = 2147483647;
			files = (
				98C1CAE92D71B1C800C3492C /* Preview Assets.xcassets in Resources */,
				98C1CAEA2D71B1C800C3492C /* Assets.xcassets in Resources */,
			);
			runOnlyForDeploymentPostprocessing = 0;
		};
		98C1CA212D71951000C3492C /* Resources */ = {
			isa = PBXResourcesBuildPhase;
			buildActionMask = 2147483647;
			files = (
			);
			runOnlyForDeploymentPostprocessing = 0;
		};
		98C1CA2B2D71951000C3492C /* Resources */ = {
			isa = PBXResourcesBuildPhase;
			buildActionMask = 2147483647;
			files = (
			);
			runOnlyForDeploymentPostprocessing = 0;
		};
/* End PBXResourcesBuildPhase section */

/* Begin PBXSourcesBuildPhase section */
		98C1CA0B2D71950F00C3492C /* Sources */ = {
			isa = PBXSourcesBuildPhase;
			buildActionMask = 2147483647;
			files = (
				98C1CAFC2D71C62500C3492C /* StoryPreset.swift in Sources */,
				98C1CAE72D71B1C800C3492C /* Item.swift in Sources */,
				98C1CB022D71CE6700C3492C /* HomeScreen.swift in Sources */,
				98CEA6DA2D7320570012F1E9 /* OpenAIService.swift in Sources */,
				98CEA6D72D731FD80012F1E9 /* Config.swift in Sources */,
				98C1CAE82D71B1C800C3492C /* ContentView.swift in Sources */,
				98C1CB002D71C68300C3492C /* StoryStyle.swift in Sources */,
				98C1CABC2D71B0D900C3492C /* StorytellerApp.swift in Sources */,
			);
			runOnlyForDeploymentPostprocessing = 0;
		};
		98C1CA1F2D71951000C3492C /* Sources */ = {
			isa = PBXSourcesBuildPhase;
			buildActionMask = 2147483647;
			files = (
				98C1CB032D71CE6700C3492C /* HomeScreen.swift in Sources */,
				98C1CAFF2D71C68300C3492C /* StoryStyle.swift in Sources */,
				98C1CAFD2D71C62500C3492C /* StoryPreset.swift in Sources */,
			);
			runOnlyForDeploymentPostprocessing = 0;
		};
		98C1CA292D71951000C3492C /* Sources */ = {
			isa = PBXSourcesBuildPhase;
			buildActionMask = 2147483647;
			files = (
			);
			runOnlyForDeploymentPostprocessing = 0;
		};
/* End PBXSourcesBuildPhase section */

/* Begin PBXTargetDependency section */
		98C1CA252D71951000C3492C /* PBXTargetDependency */ = {
			isa = PBXTargetDependency;
			target = 98C1CA0E2D71950F00C3492C /* storyteller */;
			targetProxy = 98C1CA242D71951000C3492C /* PBXContainerItemProxy */;
		};
		98C1CA2F2D71951100C3492C /* PBXTargetDependency */ = {
			isa = PBXTargetDependency;
			target = 98C1CA0E2D71950F00C3492C /* storyteller */;
			targetProxy = 98C1CA2E2D71951100C3492C /* PBXContainerItemProxy */;
		};
/* End PBXTargetDependency section */

/* Begin XCBuildConfiguration section */
		98C1CA372D71951100C3492C /* Debug */ = {
			isa = XCBuildConfiguration;
			buildSettings = {
				ASSETCATALOG_COMPILER_APPICON_NAME = AppIcon;
				ASSETCATALOG_COMPILER_GLOBAL_ACCENT_COLOR_NAME = AccentColor;
				CODE_SIGN_ENTITLEMENTS = storyteller/storyteller.entitlements;
				CODE_SIGN_STYLE = Manual;
				CURRENT_PROJECT_VERSION = 1;
				DEVELOPMENT_ASSET_PATHS = "\"storyteller/Preview Content\"";
				DEVELOPMENT_TEAM = "";
				ENABLE_HARDENED_RUNTIME = YES;
				ENABLE_PREVIEWS = YES;
				GENERATE_INFOPLIST_FILE = YES;
				INFOPLIST_FILE = storyteller/Info.plist;
				"INFOPLIST_KEY_UIApplicationSceneManifest_Generation[sdk=iphoneos*]" = YES;
				"INFOPLIST_KEY_UIApplicationSceneManifest_Generation[sdk=iphonesimulator*]" = YES;
				"INFOPLIST_KEY_UIApplicationSupportsIndirectInputEvents[sdk=iphoneos*]" = YES;
				"INFOPLIST_KEY_UIApplicationSupportsIndirectInputEvents[sdk=iphonesimulator*]" = YES;
				"INFOPLIST_KEY_UILaunchScreen_Generation[sdk=iphoneos*]" = YES;
				"INFOPLIST_KEY_UILaunchScreen_Generation[sdk=iphonesimulator*]" = YES;
				"INFOPLIST_KEY_UIStatusBarStyle[sdk=iphoneos*]" = UIStatusBarStyleDefault;
				"INFOPLIST_KEY_UIStatusBarStyle[sdk=iphonesimulator*]" = UIStatusBarStyleDefault;
				INFOPLIST_KEY_UISupportedInterfaceOrientations_iPad = "UIInterfaceOrientationPortrait UIInterfaceOrientationPortraitUpsideDown UIInterfaceOrientationLandscapeLeft UIInterfaceOrientationLandscapeRight";
				INFOPLIST_KEY_UISupportedInterfaceOrientations_iPhone = "UIInterfaceOrientationPortrait UIInterfaceOrientationLandscapeLeft UIInterfaceOrientationLandscapeRight";
				IPHONEOS_DEPLOYMENT_TARGET = 17.6;
				LD_RUNPATH_SEARCH_PATHS = "@executable_path/Frameworks";
				"LD_RUNPATH_SEARCH_PATHS[sdk=macosx*]" = "@executable_path/../Frameworks";
				MACOSX_DEPLOYMENT_TARGET = 14.0;
				MARKETING_VERSION = 1.0;
				PRODUCT_BUNDLE_IDENTIFIER = com.tinyworkers.showcase.storyteller;
				PRODUCT_NAME = "$(TARGET_NAME)";
				PROVISIONING_PROFILE_SPECIFIER = "";
				SDKROOT = auto;
				SUPPORTED_PLATFORMS = "iphoneos iphonesimulator";
				SUPPORTS_MACCATALYST = NO;
				SWIFT_EMIT_LOC_STRINGS = YES;
				SWIFT_VERSION = 5.0;
				TARGETED_DEVICE_FAMILY = 1;
				XROS_DEPLOYMENT_TARGET = 2.1;
			};
			name = Debug;
		};
		98C1CA382D71951100C3492C /* Release */ = {
			isa = XCBuildConfiguration;
			buildSettings = {
				ASSETCATALOG_COMPILER_APPICON_NAME = AppIcon;
				ASSETCATALOG_COMPILER_GLOBAL_ACCENT_COLOR_NAME = AccentColor;
				CODE_SIGN_ENTITLEMENTS = storyteller/storyteller.entitlements;
				CODE_SIGN_STYLE = Manual;
				CURRENT_PROJECT_VERSION = 1;
				DEVELOPMENT_ASSET_PATHS = "\"storyteller/Preview Content\"";
				DEVELOPMENT_TEAM = "";
				ENABLE_HARDENED_RUNTIME = YES;
				ENABLE_PREVIEWS = YES;
				GENERATE_INFOPLIST_FILE = YES;
				INFOPLIST_FILE = storyteller/Info.plist;
				"INFOPLIST_KEY_UIApplicationSceneManifest_Generation[sdk=iphoneos*]" = YES;
				"INFOPLIST_KEY_UIApplicationSceneManifest_Generation[sdk=iphonesimulator*]" = YES;
				"INFOPLIST_KEY_UIApplicationSupportsIndirectInputEvents[sdk=iphoneos*]" = YES;
				"INFOPLIST_KEY_UIApplicationSupportsIndirectInputEvents[sdk=iphonesimulator*]" = YES;
				"INFOPLIST_KEY_UILaunchScreen_Generation[sdk=iphoneos*]" = YES;
				"INFOPLIST_KEY_UILaunchScreen_Generation[sdk=iphonesimulator*]" = YES;
				"INFOPLIST_KEY_UIStatusBarStyle[sdk=iphoneos*]" = UIStatusBarStyleDefault;
				"INFOPLIST_KEY_UIStatusBarStyle[sdk=iphonesimulator*]" = UIStatusBarStyleDefault;
				INFOPLIST_KEY_UISupportedInterfaceOrientations_iPad = "UIInterfaceOrientationPortrait UIInterfaceOrientationPortraitUpsideDown UIInterfaceOrientationLandscapeLeft UIInterfaceOrientationLandscapeRight";
				INFOPLIST_KEY_UISupportedInterfaceOrientations_iPhone = "UIInterfaceOrientationPortrait UIInterfaceOrientationLandscapeLeft UIInterfaceOrientationLandscapeRight";
				IPHONEOS_DEPLOYMENT_TARGET = 17.6;
				LD_RUNPATH_SEARCH_PATHS = "@executable_path/Frameworks";
				"LD_RUNPATH_SEARCH_PATHS[sdk=macosx*]" = "@executable_path/../Frameworks";
				MACOSX_DEPLOYMENT_TARGET = 14.0;
				MARKETING_VERSION = 1.0;
				PRODUCT_BUNDLE_IDENTIFIER = com.tinyworkers.showcase.storyteller;
				PRODUCT_NAME = "$(TARGET_NAME)";
				PROVISIONING_PROFILE_SPECIFIER = "";
				SDKROOT = auto;
				SUPPORTED_PLATFORMS = "iphoneos iphonesimulator";
				SUPPORTS_MACCATALYST = NO;
				SWIFT_EMIT_LOC_STRINGS = YES;
				SWIFT_VERSION = 5.0;
				TARGETED_DEVICE_FAMILY = 1;
				XROS_DEPLOYMENT_TARGET = 2.1;
			};
			name = Release;
		};
		98C1CA392D71951100C3492C /* Debug */ = {
			isa = XCBuildConfiguration;
			buildSettings = {
				ALWAYS_SEARCH_USER_PATHS = NO;
				ASSETCATALOG_COMPILER_GENERATE_SWIFT_ASSET_SYMBOL_EXTENSIONS = YES;
				CLANG_ANALYZER_NONNULL = YES;
				CLANG_ANALYZER_NUMBER_OBJECT_CONVERSION = YES_AGGRESSIVE;
				CLANG_CXX_LANGUAGE_STANDARD = "gnu++20";
				CLANG_ENABLE_MODULES = YES;
				CLANG_ENABLE_OBJC_ARC = YES;
				CLANG_ENABLE_OBJC_WEAK = YES;
				CLANG_WARN_BLOCK_CAPTURE_AUTORELEASING = YES;
				CLANG_WARN_BOOL_CONVERSION = YES;
				CLANG_WARN_COMMA = YES;
				CLANG_WARN_CONSTANT_CONVERSION = YES;
				CLANG_WARN_DEPRECATED_OBJC_IMPLEMENTATIONS = YES;
				CLANG_WARN_DIRECT_OBJC_ISA_USAGE = YES_ERROR;
				CLANG_WARN_DOCUMENTATION_COMMENTS = YES;
				CLANG_WARN_EMPTY_BODY = YES;
				CLANG_WARN_ENUM_CONVERSION = YES;
				CLANG_WARN_INFINITE_RECURSION = YES;
				CLANG_WARN_INT_CONVERSION = YES;
				CLANG_WARN_NON_LITERAL_NULL_CONVERSION = YES;
				CLANG_WARN_OBJC_IMPLICIT_RETAIN_SELF = YES;
				CLANG_WARN_OBJC_LITERAL_CONVERSION = YES;
				CLANG_WARN_OBJC_ROOT_CLASS = YES_ERROR;
				CLANG_WARN_QUOTED_INCLUDE_IN_FRAMEWORK_HEADER = YES;
				CLANG_WARN_RANGE_LOOP_ANALYSIS = YES;
				CLANG_WARN_STRICT_PROTOTYPES = YES;
				CLANG_WARN_SUSPICIOUS_MOVE = YES;
				CLANG_WARN_UNGUARDED_AVAILABILITY = YES_AGGRESSIVE;
				CLANG_WARN_UNREACHABLE_CODE = YES;
				CLANG_WARN__DUPLICATE_METHOD_MATCH = YES;
				COPY_PHASE_STRIP = NO;
				DEBUG_INFORMATION_FORMAT = dwarf;
				ENABLE_STRICT_OBJC_MSGSEND = YES;
				ENABLE_TESTABILITY = YES;
				ENABLE_USER_SCRIPT_SANDBOXING = YES;
				GCC_C_LANGUAGE_STANDARD = gnu17;
				GCC_DYNAMIC_NO_PIC = NO;
				GCC_NO_COMMON_BLOCKS = YES;
				GCC_OPTIMIZATION_LEVEL = 0;
				GCC_PREPROCESSOR_DEFINITIONS = (
					"DEBUG=1",
					"$(inherited)",
				);
				GCC_WARN_64_TO_32_BIT_CONVERSION = YES;
				GCC_WARN_ABOUT_RETURN_TYPE = YES_ERROR;
				GCC_WARN_UNDECLARED_SELECTOR = YES;
				GCC_WARN_UNINITIALIZED_AUTOS = YES_AGGRESSIVE;
				GCC_WARN_UNUSED_FUNCTION = YES;
				GCC_WARN_UNUSED_VARIABLE = YES;
				LOCALIZATION_PREFERS_STRING_CATALOGS = YES;
				MTL_ENABLE_DEBUG_INFO = INCLUDE_SOURCE;
				MTL_FAST_MATH = YES;
				ONLY_ACTIVE_ARCH = YES;
				SWIFT_ACTIVE_COMPILATION_CONDITIONS = "DEBUG $(inherited)";
				SWIFT_OPTIMIZATION_LEVEL = "-Onone";
			};
			name = Debug;
		};
		98C1CA3A2D71951100C3492C /* Release */ = {
			isa = XCBuildConfiguration;
			buildSettings = {
				ALWAYS_SEARCH_USER_PATHS = NO;
				ASSETCATALOG_COMPILER_GENERATE_SWIFT_ASSET_SYMBOL_EXTENSIONS = YES;
				CLANG_ANALYZER_NONNULL = YES;
				CLANG_ANALYZER_NUMBER_OBJECT_CONVERSION = YES_AGGRESSIVE;
				CLANG_CXX_LANGUAGE_STANDARD = "gnu++20";
				CLANG_ENABLE_MODULES = YES;
				CLANG_ENABLE_OBJC_ARC = YES;
				CLANG_ENABLE_OBJC_WEAK = YES;
				CLANG_WARN_BLOCK_CAPTURE_AUTORELEASING = YES;
				CLANG_WARN_BOOL_CONVERSION = YES;
				CLANG_WARN_COMMA = YES;
				CLANG_WARN_CONSTANT_CONVERSION = YES;
				CLANG_WARN_DEPRECATED_OBJC_IMPLEMENTATIONS = YES;
				CLANG_WARN_DIRECT_OBJC_ISA_USAGE = YES_ERROR;
				CLANG_WARN_DOCUMENTATION_COMMENTS = YES;
				CLANG_WARN_EMPTY_BODY = YES;
				CLANG_WARN_ENUM_CONVERSION = YES;
				CLANG_WARN_INFINITE_RECURSION = YES;
				CLANG_WARN_INT_CONVERSION = YES;
				CLANG_WARN_NON_LITERAL_NULL_CONVERSION = YES;
				CLANG_WARN_OBJC_IMPLICIT_RETAIN_SELF = YES;
				CLANG_WARN_OBJC_LITERAL_CONVERSION = YES;
				CLANG_WARN_OBJC_ROOT_CLASS = YES_ERROR;
				CLANG_WARN_QUOTED_INCLUDE_IN_FRAMEWORK_HEADER = YES;
				CLANG_WARN_RANGE_LOOP_ANALYSIS = YES;
				CLANG_WARN_STRICT_PROTOTYPES = YES;
				CLANG_WARN_SUSPICIOUS_MOVE = YES;
				CLANG_WARN_UNGUARDED_AVAILABILITY = YES_AGGRESSIVE;
				CLANG_WARN_UNREACHABLE_CODE = YES;
				CLANG_WARN__DUPLICATE_METHOD_MATCH = YES;
				COPY_PHASE_STRIP = NO;
				DEBUG_INFORMATION_FORMAT = "dwarf-with-dsym";
				ENABLE_NS_ASSERTIONS = NO;
				ENABLE_STRICT_OBJC_MSGSEND = YES;
				ENABLE_USER_SCRIPT_SANDBOXING = YES;
				GCC_C_LANGUAGE_STANDARD = gnu17;
				GCC_NO_COMMON_BLOCKS = YES;
				GCC_WARN_64_TO_32_BIT_CONVERSION = YES;
				GCC_WARN_ABOUT_RETURN_TYPE = YES_ERROR;
				GCC_WARN_UNDECLARED_SELECTOR = YES;
				GCC_WARN_UNINITIALIZED_AUTOS = YES_AGGRESSIVE;
				GCC_WARN_UNUSED_FUNCTION = YES;
				GCC_WARN_UNUSED_VARIABLE = YES;
				LOCALIZATION_PREFERS_STRING_CATALOGS = YES;
				MTL_ENABLE_DEBUG_INFO = NO;
				MTL_FAST_MATH = YES;
				SWIFT_COMPILATION_MODE = wholemodule;
			};
			name = Release;
		};
		98C1CA3C2D71951100C3492C /* Debug */ = {
			isa = XCBuildConfiguration;
			buildSettings = {
				BUNDLE_LOADER = "$(TEST_HOST)";
				CODE_SIGN_STYLE = Automatic;
				CURRENT_PROJECT_VERSION = 1;
				DEVELOPMENT_TEAM = 4P7798M673;
				GENERATE_INFOPLIST_FILE = YES;
				IPHONEOS_DEPLOYMENT_TARGET = 18.1;
				MACOSX_DEPLOYMENT_TARGET = 15.1;
				MARKETING_VERSION = 1.0;
				PRODUCT_BUNDLE_IDENTIFIER = com.tinyworkers.showcase.storytellerTests;
				PRODUCT_NAME = "$(TARGET_NAME)";
				SDKROOT = auto;
				SUPPORTED_PLATFORMS = "iphoneos iphonesimulator macosx xros xrsimulator";
				SWIFT_EMIT_LOC_STRINGS = NO;
				SWIFT_VERSION = 5.0;
				TARGETED_DEVICE_FAMILY = "1,2,7";
				TEST_HOST = "$(BUILT_PRODUCTS_DIR)/storyteller.app/$(BUNDLE_EXECUTABLE_FOLDER_PATH)/storyteller";
				XROS_DEPLOYMENT_TARGET = 2.1;
			};
			name = Debug;
		};
		98C1CA3D2D71951100C3492C /* Release */ = {
			isa = XCBuildConfiguration;
			buildSettings = {
				BUNDLE_LOADER = "$(TEST_HOST)";
				CODE_SIGN_STYLE = Automatic;
				CURRENT_PROJECT_VERSION = 1;
				DEVELOPMENT_TEAM = 4P7798M673;
				GENERATE_INFOPLIST_FILE = YES;
				IPHONEOS_DEPLOYMENT_TARGET = 18.1;
				MACOSX_DEPLOYMENT_TARGET = 15.1;
				MARKETING_VERSION = 1.0;
				PRODUCT_BUNDLE_IDENTIFIER = com.tinyworkers.showcase.storytellerTests;
				PRODUCT_NAME = "$(TARGET_NAME)";
				SDKROOT = auto;
				SUPPORTED_PLATFORMS = "iphoneos iphonesimulator macosx xros xrsimulator";
				SWIFT_EMIT_LOC_STRINGS = NO;
				SWIFT_VERSION = 5.0;
				TARGETED_DEVICE_FAMILY = "1,2,7";
				TEST_HOST = "$(BUILT_PRODUCTS_DIR)/storyteller.app/$(BUNDLE_EXECUTABLE_FOLDER_PATH)/storyteller";
				XROS_DEPLOYMENT_TARGET = 2.1;
			};
			name = Release;
		};
		98C1CA3F2D71951100C3492C /* Debug */ = {
			isa = XCBuildConfiguration;
			buildSettings = {
				CODE_SIGN_STYLE = Automatic;
				CURRENT_PROJECT_VERSION = 1;
				DEVELOPMENT_TEAM = 4P7798M673;
				GENERATE_INFOPLIST_FILE = YES;
				IPHONEOS_DEPLOYMENT_TARGET = 18.1;
				MACOSX_DEPLOYMENT_TARGET = 15.1;
				MARKETING_VERSION = 1.0;
				PRODUCT_BUNDLE_IDENTIFIER = com.tinyworkers.showcase.storytellerUITests;
				PRODUCT_NAME = "$(TARGET_NAME)";
				SDKROOT = auto;
				SUPPORTED_PLATFORMS = "iphoneos iphonesimulator macosx xros xrsimulator";
				SWIFT_EMIT_LOC_STRINGS = NO;
				SWIFT_VERSION = 5.0;
				TARGETED_DEVICE_FAMILY = "1,2,7";
				TEST_TARGET_NAME = storyteller;
				XROS_DEPLOYMENT_TARGET = 2.1;
			};
			name = Debug;
		};
		98C1CA402D71951100C3492C /* Release */ = {
			isa = XCBuildConfiguration;
			buildSettings = {
				CODE_SIGN_STYLE = Automatic;
				CURRENT_PROJECT_VERSION = 1;
				DEVELOPMENT_TEAM = 4P7798M673;
				GENERATE_INFOPLIST_FILE = YES;
				IPHONEOS_DEPLOYMENT_TARGET = 18.1;
				MACOSX_DEPLOYMENT_TARGET = 15.1;
				MARKETING_VERSION = 1.0;
				PRODUCT_BUNDLE_IDENTIFIER = com.tinyworkers.showcase.storytellerUITests;
				PRODUCT_NAME = "$(TARGET_NAME)";
				SDKROOT = auto;
				SUPPORTED_PLATFORMS = "iphoneos iphonesimulator macosx xros xrsimulator";
				SWIFT_EMIT_LOC_STRINGS = NO;
				SWIFT_VERSION = 5.0;
				TARGETED_DEVICE_FAMILY = "1,2,7";
				TEST_TARGET_NAME = storyteller;
				XROS_DEPLOYMENT_TARGET = 2.1;
			};
			name = Release;
		};
/* End XCBuildConfiguration section */

/* Begin XCConfigurationList section */
		98C1CA0A2D71950F00C3492C /* Build configuration list for PBXProject "storyteller" */ = {
			isa = XCConfigurationList;
			buildConfigurations = (
				98C1CA392D71951100C3492C /* Debug */,
				98C1CA3A2D71951100C3492C /* Release */,
			);
			defaultConfigurationIsVisible = 0;
			defaultConfigurationName = Release;
		};
		98C1CA362D71951100C3492C /* Build configuration list for PBXNativeTarget "storyteller" */ = {
			isa = XCConfigurationList;
			buildConfigurations = (
				98C1CA372D71951100C3492C /* Debug */,
				98C1CA382D71951100C3492C /* Release */,
			);
			defaultConfigurationIsVisible = 0;
			defaultConfigurationName = Release;
		};
		98C1CA3B2D71951100C3492C /* Build configuration list for PBXNativeTarget "storytellerTests" */ = {
			isa = XCConfigurationList;
			buildConfigurations = (
				98C1CA3C2D71951100C3492C /* Debug */,
				98C1CA3D2D71951100C3492C /* Release */,
			);
			defaultConfigurationIsVisible = 0;
			defaultConfigurationName = Release;
		};
		98C1CA3E2D71951100C3492C /* Build configuration list for PBXNativeTarget "storytellerUITests" */ = {
			isa = XCConfigurationList;
			buildConfigurations = (
				98C1CA3F2D71951100C3492C /* Debug */,
				98C1CA402D71951100C3492C /* Release */,
			);
			defaultConfigurationIsVisible = 0;
			defaultConfigurationName = Release;
		};
/* End XCConfigurationList section */

/* Begin XCRemoteSwiftPackageReference section */
		98CEA6D52D7315230012F1E9 /* XCRemoteSwiftPackageReference "swift-composable-architecture" */ = {
			isa = XCRemoteSwiftPackageReference;
			repositoryURL = "https://github.com/pointfreeco/swift-composable-architecture";
			requirement = {
				kind = upToNextMajorVersion;
				minimumVersion = 1.15.2;
			};
		};
/* End XCRemoteSwiftPackageReference section */
	};
	rootObject = 98C1CA072D71950F00C3492C /* Project object */;
}
